// !$*UTF8*$!
{
	archiveVersion = 1;
	classes = {
	};
	objectVersion = 55;
	objects = {

/* Begin PBXBuildFile section */
		6FAEAEBC294AAF4300722328 /* RecipeCard.swift in Sources */ = {isa = PBXBuildFile; fileRef = 6FAEAEBB294AAF4300722328 /* RecipeCard.swift */; };
		6FAEAEBE294C13F800722328 /* RecipeList.swift in Sources */ = {isa = PBXBuildFile; fileRef = 6FAEAEBD294C13F800722328 /* RecipeList.swift */; };
		6FAEAEC0295159D800722328 /* RecipeView.swift in Sources */ = {isa = PBXBuildFile; fileRef = 6FAEAEBF295159D800722328 /* RecipeView.swift */; };
		6FAEAEC2295174F400722328 /* CategoryView.swift in Sources */ = {isa = PBXBuildFile; fileRef = 6FAEAEC1295174F400722328 /* CategoryView.swift */; };
		6FF5143D294A2AE800CB6BDD /* ListaRecetasApp.swift in Sources */ = {isa = PBXBuildFile; fileRef = 6FF5143C294A2AE800CB6BDD /* ListaRecetasApp.swift */; };
		6FF5143F294A2AE800CB6BDD /* ContentView.swift in Sources */ = {isa = PBXBuildFile; fileRef = 6FF5143E294A2AE800CB6BDD /* ContentView.swift */; };
		6FF51441294A2AE900CB6BDD /* Assets.xcassets in Resources */ = {isa = PBXBuildFile; fileRef = 6FF51440294A2AE900CB6BDD /* Assets.xcassets */; };
		6FF51444294A2AE900CB6BDD /* Preview Assets.xcassets in Resources */ = {isa = PBXBuildFile; fileRef = 6FF51443294A2AE900CB6BDD /* Preview Assets.xcassets */; };
		6FF51451294A2D3700CB6BDD /* HomeView.swift in Sources */ = {isa = PBXBuildFile; fileRef = 6FF51450294A2D3700CB6BDD /* HomeView.swift */; };
		6FF51453294A2DCE00CB6BDD /* CategoriesView.swift in Sources */ = {isa = PBXBuildFile; fileRef = 6FF51452294A2DCE00CB6BDD /* CategoriesView.swift */; };
		6FF51456294A2DEA00CB6BDD /* NewRecipeView.swift in Sources */ = {isa = PBXBuildFile; fileRef = 6FF51455294A2DEA00CB6BDD /* NewRecipeView.swift */; };
		6FF51458294A2E0A00CB6BDD /* FavoritesView.swift in Sources */ = {isa = PBXBuildFile; fileRef = 6FF51457294A2E0A00CB6BDD /* FavoritesView.swift */; };
		6FF5145A294A2E1700CB6BDD /* SettingsView.swift in Sources */ = {isa = PBXBuildFile; fileRef = 6FF51459294A2E1700CB6BDD /* SettingsView.swift */; };
		6FF5145C294A32F800CB6BDD /* TabBar.swift in Sources */ = {isa = PBXBuildFile; fileRef = 6FF5145B294A32F800CB6BDD /* TabBar.swift */; };
		6FF5145E294A460000CB6BDD /* RecipeModels.swift in Sources */ = {isa = PBXBuildFile; fileRef = 6FF5145D294A460000CB6BDD /* RecipeModels.swift */; };
/* End PBXBuildFile section */

/* Begin PBXFileReference section */
		6FAEAEBB294AAF4300722328 /* RecipeCard.swift */ = {isa = PBXFileReference; lastKnownFileType = sourcecode.swift; path = RecipeCard.swift; sourceTree = "<group>"; };
		6FAEAEBD294C13F800722328 /* RecipeList.swift */ = {isa = PBXFileReference; lastKnownFileType = sourcecode.swift; path = RecipeList.swift; sourceTree = "<group>"; };
		6FAEAEBF295159D800722328 /* RecipeView.swift */ = {isa = PBXFileReference; lastKnownFileType = sourcecode.swift; path = RecipeView.swift; sourceTree = "<group>"; };
		6FAEAEC1295174F400722328 /* CategoryView.swift */ = {isa = PBXFileReference; lastKnownFileType = sourcecode.swift; path = CategoryView.swift; sourceTree = "<group>"; };
		6FF51439294A2AE800CB6BDD /* ListaRecetas.app */ = {isa = PBXFileReference; explicitFileType = wrapper.application; includeInIndex = 0; path = ListaRecetas.app; sourceTree = BUILT_PRODUCTS_DIR; };
		6FF5143C294A2AE800CB6BDD /* ListaRecetasApp.swift */ = {isa = PBXFileReference; lastKnownFileType = sourcecode.swift; path = ListaRecetasApp.swift; sourceTree = "<group>"; };
		6FF5143E294A2AE800CB6BDD /* ContentView.swift */ = {isa = PBXFileReference; lastKnownFileType = sourcecode.swift; path = ContentView.swift; sourceTree = "<group>"; };
		6FF51440294A2AE900CB6BDD /* Assets.xcassets */ = {isa = PBXFileReference; lastKnownFileType = folder.assetcatalog; path = Assets.xcassets; sourceTree = "<group>"; };
		6FF51443294A2AE900CB6BDD /* Preview Assets.xcassets */ = {isa = PBXFileReference; lastKnownFileType = folder.assetcatalog; path = "Preview Assets.xcassets"; sourceTree = "<group>"; };
		6FF51450294A2D3700CB6BDD /* HomeView.swift */ = {isa = PBXFileReference; lastKnownFileType = sourcecode.swift; path = HomeView.swift; sourceTree = "<group>"; };
		6FF51452294A2DCE00CB6BDD /* CategoriesView.swift */ = {isa = PBXFileReference; lastKnownFileType = sourcecode.swift; path = CategoriesView.swift; sourceTree = "<group>"; };
		6FF51455294A2DEA00CB6BDD /* NewRecipeView.swift */ = {isa = PBXFileReference; lastKnownFileType = sourcecode.swift; path = NewRecipeView.swift; sourceTree = "<group>"; };
		6FF51457294A2E0A00CB6BDD /* FavoritesView.swift */ = {isa = PBXFileReference; lastKnownFileType = sourcecode.swift; path = FavoritesView.swift; sourceTree = "<group>"; };
		6FF51459294A2E1700CB6BDD /* SettingsView.swift */ = {isa = PBXFileReference; lastKnownFileType = sourcecode.swift; path = SettingsView.swift; sourceTree = "<group>"; };
		6FF5145B294A32F800CB6BDD /* TabBar.swift */ = {isa = PBXFileReference; lastKnownFileType = sourcecode.swift; path = TabBar.swift; sourceTree = "<group>"; };
		6FF5145D294A460000CB6BDD /* RecipeModels.swift */ = {isa = PBXFileReference; lastKnownFileType = sourcecode.swift; path = RecipeModels.swift; sourceTree = "<group>"; };
/* End PBXFileReference section */

/* Begin PBXFrameworksBuildPhase section */
		6FF51436294A2AE800CB6BDD /* Frameworks */ = {
			isa = PBXFrameworksBuildPhase;
			buildActionMask = 2147483647;
			files = (
			);
			runOnlyForDeploymentPostprocessing = 0;
		};
/* End PBXFrameworksBuildPhase section */

/* Begin PBXGroup section */
		6FF51430294A2AE800CB6BDD = {
			isa = PBXGroup;
			children = (
				6FF5143B294A2AE800CB6BDD /* ListaRecetas */,
				6FF5143A294A2AE800CB6BDD /* Products */,
			);
			sourceTree = "<group>";
		};
		6FF5143A294A2AE800CB6BDD /* Products */ = {
			isa = PBXGroup;
			children = (
				6FF51439294A2AE800CB6BDD /* ListaRecetas.app */,
			);
			name = Products;
			sourceTree = "<group>";
		};
		6FF5143B294A2AE800CB6BDD /* ListaRecetas */ = {
			isa = PBXGroup;
			children = (
				6FF5144A294A2C4D00CB6BDD /* View */,
				6FF5144B294A2C5500CB6BDD /* ViewModels */,
				6FF5144C294A2C5C00CB6BDD /* Models */,
				6FF5143C294A2AE800CB6BDD /* ListaRecetasApp.swift */,
				6FF51440294A2AE900CB6BDD /* Assets.xcassets */,
				6FF51442294A2AE900CB6BDD /* Preview Content */,
			);
			path = ListaRecetas;
			sourceTree = "<group>";
		};
		6FF51442294A2AE900CB6BDD /* Preview Content */ = {
			isa = PBXGroup;
			children = (
				6FF51443294A2AE900CB6BDD /* Preview Assets.xcassets */,
			);
			path = "Preview Content";
			sourceTree = "<group>";
		};
		6FF5144A294A2C4D00CB6BDD /* View */ = {
			isa = PBXGroup;
			children = (
				6FF5144D294A2C7200CB6BDD /* Main */,
				6FF5144E294A2C7600CB6BDD /* Details */,
				6FF5144F294A2C7C00CB6BDD /* Components */,
			);
			path = View;
			sourceTree = "<group>";
		};
		6FF5144B294A2C5500CB6BDD /* ViewModels */ = {
			isa = PBXGroup;
			children = (
			);
			path = ViewModels;
			sourceTree = "<group>";
		};
		6FF5144C294A2C5C00CB6BDD /* Models */ = {
			isa = PBXGroup;
			children = (
				6FF5145D294A460000CB6BDD /* RecipeModels.swift */,
			);
			path = Models;
			sourceTree = "<group>";
		};
		6FF5144D294A2C7200CB6BDD /* Main */ = {
			isa = PBXGroup;
			children = (
				6FF5143E294A2AE800CB6BDD /* ContentView.swift */,
				6FF5145B294A32F800CB6BDD /* TabBar.swift */,
				6FF51450294A2D3700CB6BDD /* HomeView.swift */,
				6FF51452294A2DCE00CB6BDD /* CategoriesView.swift */,
				6FF51455294A2DEA00CB6BDD /* NewRecipeView.swift */,
				6FF51457294A2E0A00CB6BDD /* FavoritesView.swift */,
				6FF51459294A2E1700CB6BDD /* SettingsView.swift */,
			);
			path = Main;
			sourceTree = "<group>";
		};
		6FF5144E294A2C7600CB6BDD /* Details */ = {
			isa = PBXGroup;
			children = (
				6FAEAEBF295159D800722328 /* RecipeView.swift */,
				6FAEAEC1295174F400722328 /* CategoryView.swift */,
			);
			path = Details;
			sourceTree = "<group>";
		};
		6FF5144F294A2C7C00CB6BDD /* Components */ = {
			isa = PBXGroup;
			children = (
				6FAEAEBB294AAF4300722328 /* RecipeCard.swift */,
				6FAEAEBD294C13F800722328 /* RecipeList.swift */,
			);
			path = Components;
			sourceTree = "<group>";
		};
/* End PBXGroup section */

/* Begin PBXNativeTarget section */
		6FF51438294A2AE800CB6BDD /* ListaRecetas */ = {
			isa = PBXNativeTarget;
			buildConfigurationList = 6FF51447294A2AE900CB6BDD /* Build configuration list for PBXNativeTarget "ListaRecetas" */;
			buildPhases = (
				6FF51435294A2AE800CB6BDD /* Sources */,
				6FF51436294A2AE800CB6BDD /* Frameworks */,
				6FF51437294A2AE800CB6BDD /* Resources */,
			);
			buildRules = (
			);
			dependencies = (
			);
			name = ListaRecetas;
			productName = ListaRecetas;
			productReference = 6FF51439294A2AE800CB6BDD /* ListaRecetas.app */;
			productType = "com.apple.product-type.application";
		};
/* End PBXNativeTarget section */

/* Begin PBXProject section */
		6FF51431294A2AE800CB6BDD /* Project object */ = {
			isa = PBXProject;
			attributes = {
				BuildIndependentTargetsInParallel = 1;
				LastSwiftUpdateCheck = 1340;
				LastUpgradeCheck = 1340;
				TargetAttributes = {
					6FF51438294A2AE800CB6BDD = {
						CreatedOnToolsVersion = 13.4.1;
					};
				};
			};
			buildConfigurationList = 6FF51434294A2AE800CB6BDD /* Build configuration list for PBXProject "ListaRecetas" */;
			compatibilityVersion = "Xcode 13.0";
			developmentRegion = en;
			hasScannedForEncodings = 0;
			knownRegions = (
				en,
				Base,
			);
			mainGroup = 6FF51430294A2AE800CB6BDD;
			productRefGroup = 6FF5143A294A2AE800CB6BDD /* Products */;
			projectDirPath = "";
			projectRoot = "";
			targets = (
				6FF51438294A2AE800CB6BDD /* ListaRecetas */,
			);
		};
/* End PBXProject section */

/* Begin PBXResourcesBuildPhase section */
		6FF51437294A2AE800CB6BDD /* Resources */ = {
			isa = PBXResourcesBuildPhase;
			buildActionMask = 2147483647;
			files = (
				6FF51444294A2AE900CB6BDD /* Preview Assets.xcassets in Resources */,
				6FF51441294A2AE900CB6BDD /* Assets.xcassets in Resources */,
			);
			runOnlyForDeploymentPostprocessing = 0;
		};
/* End PBXResourcesBuildPhase section */

/* Begin PBXSourcesBuildPhase section */
		6FF51435294A2AE800CB6BDD /* Sources */ = {
			isa = PBXSourcesBuildPhase;
			buildActionMask = 2147483647;
			files = (
				6FF5145A294A2E1700CB6BDD /* SettingsView.swift in Sources */,
				6FAEAEBC294AAF4300722328 /* RecipeCard.swift in Sources */,
				6FF51456294A2DEA00CB6BDD /* NewRecipeView.swift in Sources */,
				6FF51453294A2DCE00CB6BDD /* CategoriesView.swift in Sources */,
				6FF5145C294A32F800CB6BDD /* TabBar.swift in Sources */,
				6FAEAEC2295174F400722328 /* CategoryView.swift in Sources */,
				6FF51458294A2E0A00CB6BDD /* FavoritesView.swift in Sources */,
				6FAEAEC0295159D800722328 /* RecipeView.swift in Sources */,
				6FAEAEBE294C13F800722328 /* RecipeList.swift in Sources */,
				6FF5145E294A460000CB6BDD /* RecipeModels.swift in Sources */,
				6FF51451294A2D3700CB6BDD /* HomeView.swift in Sources */,
				6FF5143F294A2AE800CB6BDD /* ContentView.swift in Sources */,
				6FF5143D294A2AE800CB6BDD /* ListaRecetasApp.swift in Sources */,
			);
			runOnlyForDeploymentPostprocessing = 0;
		};
/* End PBXSourcesBuildPhase section */

/* Begin XCBuildConfiguration section */
		6FF51445294A2AE900CB6BDD /* Debug */ = {
			isa = XCBuildConfiguration;
			buildSettings = {
				ALWAYS_SEARCH_USER_PATHS = NO;
				CLANG_ANALYZER_NONNULL = YES;
				CLANG_ANALYZER_NUMBER_OBJECT_CONVERSION = YES_AGGRESSIVE;
				CLANG_CXX_LANGUAGE_STANDARD = "gnu++17";
				CLANG_ENABLE_MODULES = YES;
				CLANG_ENABLE_OBJC_ARC = YES;
				CLANG_ENABLE_OBJC_WEAK = YES;
				CLANG_WARN_BLOCK_CAPTURE_AUTORELEASING = YES;
				CLANG_WARN_BOOL_CONVERSION = YES;
				CLANG_WARN_COMMA = YES;
				CLANG_WARN_CONSTANT_CONVERSION = YES;
				CLANG_WARN_DEPRECATED_OBJC_IMPLEMENTATIONS = YES;
				CLANG_WARN_DIRECT_OBJC_ISA_USAGE = YES_ERROR;
				CLANG_WARN_DOCUMENTATION_COMMENTS = YES;
				CLANG_WARN_EMPTY_BODY = YES;
				CLANG_WARN_ENUM_CONVERSION = YES;
				CLANG_WARN_INFINITE_RECURSION = YES;
				CLANG_WARN_INT_CONVERSION = YES;
				CLANG_WARN_NON_LITERAL_NULL_CONVERSION = YES;
				CLANG_WARN_OBJC_IMPLICIT_RETAIN_SELF = YES;
				CLANG_WARN_OBJC_LITERAL_CONVERSION = YES;
				CLANG_WARN_OBJC_ROOT_CLASS = YES_ERROR;
				CLANG_WARN_QUOTED_INCLUDE_IN_FRAMEWORK_HEADER = YES;
				CLANG_WARN_RANGE_LOOP_ANALYSIS = YES;
				CLANG_WARN_STRICT_PROTOTYPES = YES;
				CLANG_WARN_SUSPICIOUS_MOVE = YES;
				CLANG_WARN_UNGUARDED_AVAILABILITY = YES_AGGRESSIVE;
				CLANG_WARN_UNREACHABLE_CODE = YES;
				CLANG_WARN__DUPLICATE_METHOD_MATCH = YES;
				COPY_PHASE_STRIP = NO;
				DEBUG_INFORMATION_FORMAT = dwarf;
				ENABLE_STRICT_OBJC_MSGSEND = YES;
				ENABLE_TESTABILITY = YES;
				GCC_C_LANGUAGE_STANDARD = gnu11;
				GCC_DYNAMIC_NO_PIC = NO;
				GCC_NO_COMMON_BLOCKS = YES;
				GCC_OPTIMIZATION_LEVEL = 0;
				GCC_PREPROCESSOR_DEFINITIONS = (
					"DEBUG=1",
					"$(inherited)",
				);
				GCC_WARN_64_TO_32_BIT_CONVERSION = YES;
				GCC_WARN_ABOUT_RETURN_TYPE = YES_ERROR;
				GCC_WARN_UNDECLARED_SELECTOR = YES;
				GCC_WARN_UNINITIALIZED_AUTOS = YES_AGGRESSIVE;
				GCC_WARN_UNUSED_FUNCTION = YES;
				GCC_WARN_UNUSED_VARIABLE = YES;
				IPHONEOS_DEPLOYMENT_TARGET = 15.5;
				MTL_ENABLE_DEBUG_INFO = INCLUDE_SOURCE;
				MTL_FAST_MATH = YES;
				ONLY_ACTIVE_ARCH = YES;
				SDKROOT = iphoneos;
				SWIFT_ACTIVE_COMPILATION_CONDITIONS = DEBUG;
				SWIFT_OPTIMIZATION_LEVEL = "-Onone";
			};
			name = Debug;
		};
		6FF51446294A2AE900CB6BDD /* Release */ = {
			isa = XCBuildConfiguration;
			buildSettings = {
				ALWAYS_SEARCH_USER_PATHS = NO;
				CLANG_ANALYZER_NONNULL = YES;
				CLANG_ANALYZER_NUMBER_OBJECT_CONVERSION = YES_AGGRESSIVE;
				CLANG_CXX_LANGUAGE_STANDARD = "gnu++17";
				CLANG_ENABLE_MODULES = YES;
				CLANG_ENABLE_OBJC_ARC = YES;
				CLANG_ENABLE_OBJC_WEAK = YES;
				CLANG_WARN_BLOCK_CAPTURE_AUTORELEASING = YES;
				CLANG_WARN_BOOL_CONVERSION = YES;
				CLANG_WARN_COMMA = YES;
				CLANG_WARN_CONSTANT_CONVERSION = YES;
				CLANG_WARN_DEPRECATED_OBJC_IMPLEMENTATIONS = YES;
				CLANG_WARN_DIRECT_OBJC_ISA_USAGE = YES_ERROR;
				CLANG_WARN_DOCUMENTATION_COMMENTS = YES;
				CLANG_WARN_EMPTY_BODY = YES;
				CLANG_WARN_ENUM_CONVERSION = YES;
				CLANG_WARN_INFINITE_RECURSION = YES;
				CLANG_WARN_INT_CONVERSION = YES;
				CLANG_WARN_NON_LITERAL_NULL_CONVERSION = YES;
				CLANG_WARN_OBJC_IMPLICIT_RETAIN_SELF = YES;
				CLANG_WARN_OBJC_LITERAL_CONVERSION = YES;
				CLANG_WARN_OBJC_ROOT_CLASS = YES_ERROR;
				CLANG_WARN_QUOTED_INCLUDE_IN_FRAMEWORK_HEADER = YES;
				CLANG_WARN_RANGE_LOOP_ANALYSIS = YES;
				CLANG_WARN_STRICT_PROTOTYPES = YES;
				CLANG_WARN_SUSPICIOUS_MOVE = YES;
				CLANG_WARN_UNGUARDED_AVAILABILITY = YES_AGGRESSIVE;
				CLANG_WARN_UNREACHABLE_CODE = YES;
				CLANG_WARN__DUPLICATE_METHOD_MATCH = YES;
				COPY_PHASE_STRIP = NO;
				DEBUG_INFORMATION_FORMAT = "dwarf-with-dsym";
				ENABLE_NS_ASSERTIONS = NO;
				ENABLE_STRICT_OBJC_MSGSEND = YES;
				GCC_C_LANGUAGE_STANDARD = gnu11;
				GCC_NO_COMMON_BLOCKS = YES;
				GCC_WARN_64_TO_32_BIT_CONVERSION = YES;
				GCC_WARN_ABOUT_RETURN_TYPE = YES_ERROR;
				GCC_WARN_UNDECLARED_SELECTOR = YES;
				GCC_WARN_UNINITIALIZED_AUTOS = YES_AGGRESSIVE;
				GCC_WARN_UNUSED_FUNCTION = YES;
				GCC_WARN_UNUSED_VARIABLE = YES;
				IPHONEOS_DEPLOYMENT_TARGET = 15.5;
				MTL_ENABLE_DEBUG_INFO = NO;
				MTL_FAST_MATH = YES;
				SDKROOT = iphoneos;
				SWIFT_COMPILATION_MODE = wholemodule;
				SWIFT_OPTIMIZATION_LEVEL = "-O";
				VALIDATE_PRODUCT = YES;
			};
			name = Release;
		};
		6FF51448294A2AE900CB6BDD /* Debug */ = {
			isa = XCBuildConfiguration;
			buildSettings = {
				ASSETCATALOG_COMPILER_APPICON_NAME = AppIcon;
				ASSETCATALOG_COMPILER_GLOBAL_ACCENT_COLOR_NAME = AccentColor;
				CODE_SIGN_STYLE = Automatic;
				CURRENT_PROJECT_VERSION = 1;
				DEVELOPMENT_ASSET_PATHS = "\"ListaRecetas/Preview Content\"";
				DEVELOPMENT_TEAM = 4M4YA5V4K6;
				ENABLE_PREVIEWS = YES;
				GENERATE_INFOPLIST_FILE = YES;
				INFOPLIST_KEY_UIApplicationSceneManifest_Generation = YES;
				INFOPLIST_KEY_UIApplicationSupportsIndirectInputEvents = YES;
				INFOPLIST_KEY_UILaunchScreen_Generation = YES;
				INFOPLIST_KEY_UISupportedInterfaceOrientations_iPad = "UIInterfaceOrientationPortrait UIInterfaceOrientationPortraitUpsideDown UIInterfaceOrientationLandscapeLeft UIInterfaceOrientationLandscapeRight";
				INFOPLIST_KEY_UISupportedInterfaceOrientations_iPhone = "UIInterfaceOrientationPortrait UIInterfaceOrientationLandscapeLeft UIInterfaceOrientationLandscapeRight";
				LD_RUNPATH_SEARCH_PATHS = (
					"$(inherited)",
					"@executable_path/Frameworks",
				);
				MARKETING_VERSION = 1.0;
				PRODUCT_BUNDLE_IDENTIFIER = com.wilenuDev.ListaRecetas;
				PRODUCT_NAME = "$(TARGET_NAME)";
				SWIFT_EMIT_LOC_STRINGS = YES;
				SWIFT_VERSION = 5.0;
				TARGETED_DEVICE_FAMILY = "1,2";
			};
			name = Debug;
		};
		6FF51449294A2AE900CB6BDD /* Release */ = {
			isa = XCBuildConfiguration;
			buildSettings = {
				ASSETCATALOG_COMPILER_APPICON_NAME = AppIcon;
				ASSETCATALOG_COMPILER_GLOBAL_ACCENT_COLOR_NAME = AccentColor;
				CODE_SIGN_STYLE = Automatic;
				CURRENT_PROJECT_VERSION = 1;
				DEVELOPMENT_ASSET_PATHS = "\"ListaRecetas/Preview Content\"";
				DEVELOPMENT_TEAM = 4M4YA5V4K6;
				ENABLE_PREVIEWS = YES;
				GENERATE_INFOPLIST_FILE = YES;
				INFOPLIST_KEY_UIApplicationSceneManifest_Generation = YES;
				INFOPLIST_KEY_UIApplicationSupportsIndirectInputEvents = YES;
				INFOPLIST_KEY_UILaunchScreen_Generation = YES;
				INFOPLIST_KEY_UISupportedInterfaceOrientations_iPad = "UIInterfaceOrientationPortrait UIInterfaceOrientationPortraitUpsideDown UIInterfaceOrientationLandscapeLeft UIInterfaceOrientationLandscapeRight";
				INFOPLIST_KEY_UISupportedInterfaceOrientations_iPhone = "UIInterfaceOrientationPortrait UIInterfaceOrientationLandscapeLeft UIInterfaceOrientationLandscapeRight";
				LD_RUNPATH_SEARCH_PATHS = (
					"$(inherited)",
					"@executable_path/Frameworks",
				);
				MARKETING_VERSION = 1.0;
				PRODUCT_BUNDLE_IDENTIFIER = com.wilenuDev.ListaRecetas;
				PRODUCT_NAME = "$(TARGET_NAME)";
				SWIFT_EMIT_LOC_STRINGS = YES;
				SWIFT_VERSION = 5.0;
				TARGETED_DEVICE_FAMILY = "1,2";
			};
			name = Release;
		};
/* End XCBuildConfiguration section */

/* Begin XCConfigurationList section */
		6FF51434294A2AE800CB6BDD /* Build configuration list for PBXProject "ListaRecetas" */ = {
			isa = XCConfigurationList;
			buildConfigurations = (
				6FF51445294A2AE900CB6BDD /* Debug */,
				6FF51446294A2AE900CB6BDD /* Release */,
			);
			defaultConfigurationIsVisible = 0;
			defaultConfigurationName = Release;
		};
		6FF51447294A2AE900CB6BDD /* Build configuration list for PBXNativeTarget "ListaRecetas" */ = {
			isa = XCConfigurationList;
			buildConfigurations = (
				6FF51448294A2AE900CB6BDD /* Debug */,
				6FF51449294A2AE900CB6BDD /* Release */,
			);
			defaultConfigurationIsVisible = 0;
			defaultConfigurationName = Release;
		};
/* End XCConfigurationList section */
	};
	rootObject = 6FF51431294A2AE800CB6BDD /* Project object */;
}
